{
  "version": 1,
  "dependencies": {
    "net8.0-windows7.0": {
      "DalamudPackager": {
        "type": "Direct",
        "requested": "[2.1.12, )",
        "resolved": "2.1.12",
        "contentHash": "Sc0PVxvgg4NQjcI8n10/VfUQBAS4O+Fw2pZrAqBdRMbthYGeogzu5+xmIGCGmsEZ/ukMOBuAqiNiB5qA3MRalg=="
      },
      "JetBrains.Annotations": {
        "type": "Direct",
        "requested": "[2022.3.1, )",
        "resolved": "2022.3.1",
        "contentHash": "11nsS3+lFICGkztVs9PP2NRItxf9fF+qD6xEW/T0YGto52zj07wseUeBdMAU1ah9HNVTDZyRC1u4NWdtJScwhw=="
      },
      "glib": {
        "type": "Project"
      }
    }
  }
}